
Microsoft Visual Studio Solution File, Format Version 12.00
# Visual Studio Version 16
VisualStudioVersion = 16.0.31112.23
MinimumVisualStudioVersion = 10.0.40219.1
Project("{FAE04EC0-301F-11D3-BF4B-00C04F79EFBC}") = "RUCPc", "RUCPc\RUCPc.csproj", "{98C24FFE-B063-402F-B3AF-ED48AC1694E5}"
EndProject
Global
	GlobalSection(SolutionConfigurationPlatforms) = preSolution
		Debug|Any CPU = Debug|Any CPU
		Release|Any CPU = Release|Any CPU
		Unity|Any CPU = Unity|Any CPU
	EndGlobalSection
	GlobalSection(ProjectConfigurationPlatforms) = postSolution
		{98C24FFE-B063-402F-B3AF-ED48AC1694E5}.Debug|Any CPU.ActiveCfg = Debug|Any CPU
		{98C24FFE-B063-402F-B3AF-ED48AC1694E5}.Debug|Any CPU.Build.0 = Debug|Any CPU
		{98C24FFE-B063-402F-B3AF-ED48AC1694E5}.Release|Any CPU.ActiveCfg = Release|Any CPU
		{98C24FFE-B063-402F-B3AF-ED48AC1694E5}.Release|Any CPU.Build.0 = Release|Any CPU
		{98C24FFE-B063-402F-B3AF-ED48AC1694E5}.Unity|Any CPU.ActiveCfg = Unity|Any CPU
		{98C24FFE-B063-402F-B3AF-ED48AC1694E5}.Unity|Any CPU.Build.0 = Unity|Any CPU
	EndGlobalSection
	GlobalSection(SolutionProperties) = preSolution
		HideSolutionNode = FALSE
	EndGlobalSection
	GlobalSection(ExtensibilityGlobals) = postSolution
		SolutionGuid = {4D974527-CEC9-4CC3-8EFF-3AAAA4E6FF63}
	EndGlobalSection
EndGlobal
