
Microsoft Visual Studio Solution File, Format Version 12.00
# Visual Studio Version 16
VisualStudioVersion = 16.0.31112.23
MinimumVisualStudioVersion = 10.0.40219.1
Project("{FAE04EC0-301F-11D3-BF4B-00C04F79EFBC}") = "RUCPs", "RUCPs\RUCPs.csproj", "{D2DDE929-F675-4123-8513-AADEC1BEF4D3}"
EndProject
Project("{FAE04EC0-301F-11D3-BF4B-00C04F79EFBC}") = "RUCPsTEST", "RUCPsTEST\RUCPsTEST.csproj", "{64093BFD-7B88-437F-8C19-0670DD9F22B6}"
EndProject
Global
	GlobalSection(SolutionConfigurationPlatforms) = preSolution
		Debug|Any CPU = Debug|Any CPU
		Release|Any CPU = Release|Any CPU
	EndGlobalSection
	GlobalSection(ProjectConfigurationPlatforms) = postSolution
		{D2DDE929-F675-4123-8513-AADEC1BEF4D3}.Debug|Any CPU.ActiveCfg = Debug|Any CPU
		{D2DDE929-F675-4123-8513-AADEC1BEF4D3}.Debug|Any CPU.Build.0 = Debug|Any CPU
		{D2DDE929-F675-4123-8513-AADEC1BEF4D3}.Release|Any CPU.ActiveCfg = Release|Any CPU
		{D2DDE929-F675-4123-8513-AADEC1BEF4D3}.Release|Any CPU.Build.0 = Release|Any CPU
		{64093BFD-7B88-437F-8C19-0670DD9F22B6}.Debug|Any CPU.ActiveCfg = Debug|Any CPU
		{64093BFD-7B88-437F-8C19-0670DD9F22B6}.Debug|Any CPU.Build.0 = Debug|Any CPU
		{64093BFD-7B88-437F-8C19-0670DD9F22B6}.Release|Any CPU.ActiveCfg = Release|Any CPU
		{64093BFD-7B88-437F-8C19-0670DD9F22B6}.Release|Any CPU.Build.0 = Release|Any CPU
	EndGlobalSection
	GlobalSection(SolutionProperties) = preSolution
		HideSolutionNode = FALSE
	EndGlobalSection
	GlobalSection(ExtensibilityGlobals) = postSolution
		SolutionGuid = {94594456-52DA-4D7B-AD45-C13C51A1074E}
	EndGlobalSection
EndGlobal
